name: "Deployer: Test: Unlock"

on:
  workflow_call:
    secrets:
      AWS_TEST_SG_ID:
        required: true
      AWS_TEST_ACCESS_KEY_ID:
        required: true
      AWS_TEST_SECRET_ACCESS_KEY:
        required: true
      SSH_TEST_DEPLOY_PRIVATE_KEY:
        required: true
      SSH_TEST_DEPLOY_KNOWN_HOSTS:
        required: true

jobs:

  deployer:
    name: "Deployer: Test: Unlock"
    if: github.ref == 'refs/heads/test'

    runs-on: ubuntu-22.04

    steps:
      - name: Get GitHub Actions runner IP
        id: ip
        uses: haythem/public-ip@v1.2

      - name: Whitelist the GHA runner IP
        run: |
          aws ec2 authorize-security-group-ingress --group-id ${{ secrets.AWS_TEST_SG_ID }} --protocol tcp --port 22 --cidr ${{ steps.ip.outputs.ipv4 }}/32
        env:
          AWS_ACCESS_KEY_ID: ${{ secrets.AWS_TEST_ACCESS_KEY_ID }}
          AWS_SECRET_ACCESS_KEY: ${{ secrets.AWS_TEST_SECRET_ACCESS_KEY }}
          AWS_DEFAULT_REGION: 'eu-west-2'

      - name: Checkout code
        uses: actions/checkout@v3

      - name: Setup PHP
        uses: shivammathur/setup-php@v2
        with:
          php-version: '8.3'
          extensions: curl, gd, json, mbstring, xml, pdo, mysql, redis, intl
          coverage: none

      - name: Deploy Unlock
        uses: deployphp/action@v1.0.17
        env:
          DOT_ENV: ${{ secrets.DOT_ENV_TEST }}
        with:
          deployer-version: "7.0.0"
          dep: deploy:unlock env=test -vvv
          private-key: ${{ secrets.SSH_TEST_DEPLOY_PRIVATE_KEY }}
          known-hosts: ${{ secrets.SSH_TEST_DEPLOY_KNOWN_HOSTS }}

      - name: Un-whitelist the GHA runner IP
        run: |
          aws ec2 revoke-security-group-ingress --group-id ${{ secrets.AWS_TEST_SG_ID }} --protocol tcp --port 22 --cidr ${{ steps.ip.outputs.ipv4 }}/32
        env:
          AWS_ACCESS_KEY_ID: ${{ secrets.AWS_TEST_ACCESS_KEY_ID }}
          AWS_SECRET_ACCESS_KEY: ${{ secrets.AWS_TEST_SECRET_ACCESS_KEY }}
          AWS_DEFAULT_REGION: 'eu-west-2'
        if: always()
